
Microsoft Visual Studio Solution File, Format Version 12.00
# Visual Studio Version 17
VisualStudioVersion = 17.4.33213.308
MinimumVisualStudioVersion = 10.0.40219.1
Project("{FAE04EC0-301F-11D3-BF4B-00C04F79EFBC}") = "COMP003A.LectureActivity5", "COMP003A.LectureActivity5\COMP003A.LectureActivity5.csproj", "{A3C3DA9D-88FB-48F2-934A-7855AA7E5027}"
EndProject
Global
	GlobalSection(SolutionConfigurationPlatforms) = preSolution
		Debug|Any CPU = Debug|Any CPU
		Release|Any CPU = Release|Any CPU
	EndGlobalSection
	GlobalSection(ProjectConfigurationPlatforms) = postSolution
		{A3C3DA9D-88FB-48F2-934A-7855AA7E5027}.Debug|Any CPU.ActiveCfg = Debug|Any CPU
		{A3C3DA9D-88FB-48F2-934A-7855AA7E5027}.Debug|Any CPU.Build.0 = Debug|Any CPU
		{A3C3DA9D-88FB-48F2-934A-7855AA7E5027}.Release|Any CPU.ActiveCfg = Release|Any CPU
		{A3C3DA9D-88FB-48F2-934A-7855AA7E5027}.Release|Any CPU.Build.0 = Release|Any CPU
	EndGlobalSection
	GlobalSection(SolutionProperties) = preSolution
		HideSolutionNode = FALSE
	EndGlobalSection
	GlobalSection(ExtensibilityGlobals) = postSolution
		SolutionGuid = {661FB803-F14E-45B5-A77D-59AD96EC42F3}
	EndGlobalSection
EndGlobal
